
Microsoft Visual Studio Solution File, Format Version 12.00
Project("{FAE04EC0-301F-11D3-BF4B-00C04F79EFBC}") = "Wordle", "Wordle\Wordle.csproj", "{AA8A2D7B-81B8-4293-831F-94FBB22EC26F}"
EndProject
Project("{FAE04EC0-301F-11D3-BF4B-00C04F79EFBC}") = "LetterBoxed", "LetterBoxed\LetterBoxed.csproj", "{B9E1D883-67EB-4D0B-8B4E-1D3BC7D9C1BB}"
EndProject
Global
	GlobalSection(SolutionConfigurationPlatforms) = preSolution
		Debug|Any CPU = Debug|Any CPU
		Release|Any CPU = Release|Any CPU
	EndGlobalSection
	GlobalSection(ProjectConfigurationPlatforms) = postSolution
		{AA8A2D7B-81B8-4293-831F-94FBB22EC26F}.Debug|Any CPU.ActiveCfg = Debug|Any CPU
		{AA8A2D7B-81B8-4293-831F-94FBB22EC26F}.Debug|Any CPU.Build.0 = Debug|Any CPU
		{AA8A2D7B-81B8-4293-831F-94FBB22EC26F}.Release|Any CPU.ActiveCfg = Release|Any CPU
		{AA8A2D7B-81B8-4293-831F-94FBB22EC26F}.Release|Any CPU.Build.0 = Release|Any CPU
		{B9E1D883-67EB-4D0B-8B4E-1D3BC7D9C1BB}.Debug|Any CPU.ActiveCfg = Debug|Any CPU
		{B9E1D883-67EB-4D0B-8B4E-1D3BC7D9C1BB}.Debug|Any CPU.Build.0 = Debug|Any CPU
		{B9E1D883-67EB-4D0B-8B4E-1D3BC7D9C1BB}.Release|Any CPU.ActiveCfg = Release|Any CPU
		{B9E1D883-67EB-4D0B-8B4E-1D3BC7D9C1BB}.Release|Any CPU.Build.0 = Release|Any CPU
	EndGlobalSection
EndGlobal
